// !$*UTF8*$!
{
	archiveVersion = 1;
	classes = {
	};
	objectVersion = 56;
	objects = {

/* Begin PBXBuildFile section */
		19200DBD2A6EEECD0030C7AB /* GameMode.swift in Sources */ = {isa = PBXBuildFile; fileRef = 19200DBC2A6EEECD0030C7AB /* GameMode.swift */; };
		19200DBF2A6EEF450030C7AB /* AppStrings.swift in Sources */ = {isa = PBXBuildFile; fileRef = 19200DBE2A6EEF450030C7AB /* AppStrings.swift */; };
		19200DC32A71BFCE0030C7AB /* AppButtonStyle.swift in Sources */ = {isa = PBXBuildFile; fileRef = 19200DC22A71BFCE0030C7AB /* AppButtonStyle.swift */; };
		19200DC52A71C27E0030C7AB /* GameView.swift in Sources */ = {isa = PBXBuildFile; fileRef = 19200DC42A71C27E0030C7AB /* GameView.swift */; };
		193CB3B92A6EEAE50049B6F0 /* TicTacGameSwiftUIMVVMFirebaseApp.swift in Sources */ = {isa = PBXBuildFile; fileRef = 193CB3B82A6EEAE50049B6F0 /* TicTacGameSwiftUIMVVMFirebaseApp.swift */; };
		193CB3BB2A6EEAE50049B6F0 /* HomeView.swift in Sources */ = {isa = PBXBuildFile; fileRef = 193CB3BA2A6EEAE50049B6F0 /* HomeView.swift */; };
		193CB3BD2A6EEAE60049B6F0 /* Assets.xcassets in Resources */ = {isa = PBXBuildFile; fileRef = 193CB3BC2A6EEAE60049B6F0 /* Assets.xcassets */; };
		193CB3C12A6EEAE60049B6F0 /* Preview Assets.xcassets in Resources */ = {isa = PBXBuildFile; fileRef = 193CB3C02A6EEAE60049B6F0 /* Preview Assets.xcassets */; };
		193CB3CB2A6EEAE60049B6F0 /* TicTacGameSwiftUIMVVMFirebaseTests.swift in Sources */ = {isa = PBXBuildFile; fileRef = 193CB3CA2A6EEAE60049B6F0 /* TicTacGameSwiftUIMVVMFirebaseTests.swift */; };
		193CB3D52A6EEAE60049B6F0 /* TicTacGameSwiftUIMVVMFirebaseUITests.swift in Sources */ = {isa = PBXBuildFile; fileRef = 193CB3D42A6EEAE60049B6F0 /* TicTacGameSwiftUIMVVMFirebaseUITests.swift */; };
		193CB3D72A6EEAE60049B6F0 /* TicTacGameSwiftUIMVVMFirebaseUITestsLaunchTests.swift in Sources */ = {isa = PBXBuildFile; fileRef = 193CB3D62A6EEAE60049B6F0 /* TicTacGameSwiftUIMVVMFirebaseUITestsLaunchTests.swift */; };
/* End PBXBuildFile section */

/* Begin PBXContainerItemProxy section */
		193CB3C72A6EEAE60049B6F0 /* PBXContainerItemProxy */ = {
			isa = PBXContainerItemProxy;
			containerPortal = 193CB3AD2A6EEAE50049B6F0 /* Project object */;
			proxyType = 1;
			remoteGlobalIDString = 193CB3B42A6EEAE50049B6F0;
			remoteInfo = TicTacGameSwiftUIMVVMFirebase;
		};
		193CB3D12A6EEAE60049B6F0 /* PBXContainerItemProxy */ = {
			isa = PBXContainerItemProxy;
			containerPortal = 193CB3AD2A6EEAE50049B6F0 /* Project object */;
			proxyType = 1;
			remoteGlobalIDString = 193CB3B42A6EEAE50049B6F0;
			remoteInfo = TicTacGameSwiftUIMVVMFirebase;
		};
/* End PBXContainerItemProxy section */

/* Begin PBXFileReference section */
		19200DBC2A6EEECD0030C7AB /* GameMode.swift */ = {isa = PBXFileReference; lastKnownFileType = sourcecode.swift; path = GameMode.swift; sourceTree = "<group>"; };
		19200DBE2A6EEF450030C7AB /* AppStrings.swift */ = {isa = PBXFileReference; lastKnownFileType = sourcecode.swift; path = AppStrings.swift; sourceTree = "<group>"; };
		19200DC22A71BFCE0030C7AB /* AppButtonStyle.swift */ = {isa = PBXFileReference; lastKnownFileType = sourcecode.swift; path = AppButtonStyle.swift; sourceTree = "<group>"; };
		19200DC42A71C27E0030C7AB /* GameView.swift */ = {isa = PBXFileReference; lastKnownFileType = sourcecode.swift; path = GameView.swift; sourceTree = "<group>"; };
		193CB3B52A6EEAE50049B6F0 /* TicTacGameSwiftUIMVVMFirebase.app */ = {isa = PBXFileReference; explicitFileType = wrapper.application; includeInIndex = 0; path = TicTacGameSwiftUIMVVMFirebase.app; sourceTree = BUILT_PRODUCTS_DIR; };
		193CB3B82A6EEAE50049B6F0 /* TicTacGameSwiftUIMVVMFirebaseApp.swift */ = {isa = PBXFileReference; lastKnownFileType = sourcecode.swift; path = TicTacGameSwiftUIMVVMFirebaseApp.swift; sourceTree = "<group>"; };
		193CB3BA2A6EEAE50049B6F0 /* HomeView.swift */ = {isa = PBXFileReference; lastKnownFileType = sourcecode.swift; path = HomeView.swift; sourceTree = "<group>"; };
		193CB3BC2A6EEAE60049B6F0 /* Assets.xcassets */ = {isa = PBXFileReference; lastKnownFileType = folder.assetcatalog; path = Assets.xcassets; sourceTree = "<group>"; };
		193CB3BE2A6EEAE60049B6F0 /* TicTacGameSwiftUIMVVMFirebase.entitlements */ = {isa = PBXFileReference; lastKnownFileType = text.plist.entitlements; path = TicTacGameSwiftUIMVVMFirebase.entitlements; sourceTree = "<group>"; };
		193CB3C02A6EEAE60049B6F0 /* Preview Assets.xcassets */ = {isa = PBXFileReference; lastKnownFileType = folder.assetcatalog; path = "Preview Assets.xcassets"; sourceTree = "<group>"; };
		193CB3C62A6EEAE60049B6F0 /* TicTacGameSwiftUIMVVMFirebaseTests.xctest */ = {isa = PBXFileReference; explicitFileType = wrapper.cfbundle; includeInIndex = 0; path = TicTacGameSwiftUIMVVMFirebaseTests.xctest; sourceTree = BUILT_PRODUCTS_DIR; };
		193CB3CA2A6EEAE60049B6F0 /* TicTacGameSwiftUIMVVMFirebaseTests.swift */ = {isa = PBXFileReference; lastKnownFileType = sourcecode.swift; path = TicTacGameSwiftUIMVVMFirebaseTests.swift; sourceTree = "<group>"; };
		193CB3D02A6EEAE60049B6F0 /* TicTacGameSwiftUIMVVMFirebaseUITests.xctest */ = {isa = PBXFileReference; explicitFileType = wrapper.cfbundle; includeInIndex = 0; path = TicTacGameSwiftUIMVVMFirebaseUITests.xctest; sourceTree = BUILT_PRODUCTS_DIR; };
		193CB3D42A6EEAE60049B6F0 /* TicTacGameSwiftUIMVVMFirebaseUITests.swift */ = {isa = PBXFileReference; lastKnownFileType = sourcecode.swift; path = TicTacGameSwiftUIMVVMFirebaseUITests.swift; sourceTree = "<group>"; };
		193CB3D62A6EEAE60049B6F0 /* TicTacGameSwiftUIMVVMFirebaseUITestsLaunchTests.swift */ = {isa = PBXFileReference; lastKnownFileType = sourcecode.swift; path = TicTacGameSwiftUIMVVMFirebaseUITestsLaunchTests.swift; sourceTree = "<group>"; };
/* End PBXFileReference section */

/* Begin PBXFrameworksBuildPhase section */
		193CB3B22A6EEAE50049B6F0 /* Frameworks */ = {
			isa = PBXFrameworksBuildPhase;
			buildActionMask = 2147483647;
			files = (
			);
			runOnlyForDeploymentPostprocessing = 0;
		};
		193CB3C32A6EEAE60049B6F0 /* Frameworks */ = {
			isa = PBXFrameworksBuildPhase;
			buildActionMask = 2147483647;
			files = (
			);
			runOnlyForDeploymentPostprocessing = 0;
		};
		193CB3CD2A6EEAE60049B6F0 /* Frameworks */ = {
			isa = PBXFrameworksBuildPhase;
			buildActionMask = 2147483647;
			files = (
			);
			runOnlyForDeploymentPostprocessing = 0;
		};
/* End PBXFrameworksBuildPhase section */

/* Begin PBXGroup section */
		19200DBB2A6EEEC00030C7AB /* Model */ = {
			isa = PBXGroup;
			children = (
				19200DBC2A6EEECD0030C7AB /* GameMode.swift */,
			);
			path = Model;
			sourceTree = "<group>";
		};
		19200DC02A71BFAD0030C7AB /* Utils */ = {
			isa = PBXGroup;
			children = (
			);
			path = Utils;
			sourceTree = "<group>";
		};
		19200DC12A71BFB80030C7AB /* Styles */ = {
			isa = PBXGroup;
			children = (
				19200DC22A71BFCE0030C7AB /* AppButtonStyle.swift */,
			);
			path = Styles;
			sourceTree = "<group>";
		};
		193CB3AC2A6EEAE50049B6F0 = {
			isa = PBXGroup;
			children = (
				193CB3B72A6EEAE50049B6F0 /* TicTacGameSwiftUIMVVMFirebase */,
				193CB3C92A6EEAE60049B6F0 /* TicTacGameSwiftUIMVVMFirebaseTests */,
				193CB3D32A6EEAE60049B6F0 /* TicTacGameSwiftUIMVVMFirebaseUITests */,
				193CB3B62A6EEAE50049B6F0 /* Products */,
			);
			sourceTree = "<group>";
		};
		193CB3B62A6EEAE50049B6F0 /* Products */ = {
			isa = PBXGroup;
			children = (
				193CB3B52A6EEAE50049B6F0 /* TicTacGameSwiftUIMVVMFirebase.app */,
				193CB3C62A6EEAE60049B6F0 /* TicTacGameSwiftUIMVVMFirebaseTests.xctest */,
				193CB3D02A6EEAE60049B6F0 /* TicTacGameSwiftUIMVVMFirebaseUITests.xctest */,
			);
			name = Products;
			sourceTree = "<group>";
		};
		193CB3B72A6EEAE50049B6F0 /* TicTacGameSwiftUIMVVMFirebase */ = {
			isa = PBXGroup;
			children = (
				19200DBE2A6EEF450030C7AB /* AppStrings.swift */,
				193CB3B82A6EEAE50049B6F0 /* TicTacGameSwiftUIMVVMFirebaseApp.swift */,
				193CB3BA2A6EEAE50049B6F0 /* HomeView.swift */,
				19200DC42A71C27E0030C7AB /* GameView.swift */,
				19200DBB2A6EEEC00030C7AB /* Model */,
				19200DC02A71BFAD0030C7AB /* Utils */,
				19200DC12A71BFB80030C7AB /* Styles */,
				193CB3BC2A6EEAE60049B6F0 /* Assets.xcassets */,
				193CB3BE2A6EEAE60049B6F0 /* TicTacGameSwiftUIMVVMFirebase.entitlements */,
				193CB3BF2A6EEAE60049B6F0 /* Preview Content */,
			);
			path = TicTacGameSwiftUIMVVMFirebase;
			sourceTree = "<group>";
		};
		193CB3BF2A6EEAE60049B6F0 /* Preview Content */ = {
			isa = PBXGroup;
			children = (
				193CB3C02A6EEAE60049B6F0 /* Preview Assets.xcassets */,
			);
			path = "Preview Content";
			sourceTree = "<group>";
		};
		193CB3C92A6EEAE60049B6F0 /* TicTacGameSwiftUIMVVMFirebaseTests */ = {
			isa = PBXGroup;
			children = (
				193CB3CA2A6EEAE60049B6F0 /* TicTacGameSwiftUIMVVMFirebaseTests.swift */,
			);
			path = TicTacGameSwiftUIMVVMFirebaseTests;
			sourceTree = "<group>";
		};
		193CB3D32A6EEAE60049B6F0 /* TicTacGameSwiftUIMVVMFirebaseUITests */ = {
			isa = PBXGroup;
			children = (
				193CB3D42A6EEAE60049B6F0 /* TicTacGameSwiftUIMVVMFirebaseUITests.swift */,
				193CB3D62A6EEAE60049B6F0 /* TicTacGameSwiftUIMVVMFirebaseUITestsLaunchTests.swift */,
			);
			path = TicTacGameSwiftUIMVVMFirebaseUITests;
			sourceTree = "<group>";
		};
/* End PBXGroup section */

/* Begin PBXNativeTarget section */
		193CB3B42A6EEAE50049B6F0 /* TicTacGameSwiftUIMVVMFirebase */ = {
			isa = PBXNativeTarget;
			buildConfigurationList = 193CB3DA2A6EEAE60049B6F0 /* Build configuration list for PBXNativeTarget "TicTacGameSwiftUIMVVMFirebase" */;
			buildPhases = (
				193CB3B12A6EEAE50049B6F0 /* Sources */,
				193CB3B22A6EEAE50049B6F0 /* Frameworks */,
				193CB3B32A6EEAE50049B6F0 /* Resources */,
			);
			buildRules = (
			);
			dependencies = (
			);
			name = TicTacGameSwiftUIMVVMFirebase;
			productName = TicTacGameSwiftUIMVVMFirebase;
			productReference = 193CB3B52A6EEAE50049B6F0 /* TicTacGameSwiftUIMVVMFirebase.app */;
			productType = "com.apple.product-type.application";
		};
		193CB3C52A6EEAE60049B6F0 /* TicTacGameSwiftUIMVVMFirebaseTests */ = {
			isa = PBXNativeTarget;
			buildConfigurationList = 193CB3DD2A6EEAE60049B6F0 /* Build configuration list for PBXNativeTarget "TicTacGameSwiftUIMVVMFirebaseTests" */;
			buildPhases = (
				193CB3C22A6EEAE60049B6F0 /* Sources */,
				193CB3C32A6EEAE60049B6F0 /* Frameworks */,
				193CB3C42A6EEAE60049B6F0 /* Resources */,
			);
			buildRules = (
			);
			dependencies = (
				193CB3C82A6EEAE60049B6F0 /* PBXTargetDependency */,
			);
			name = TicTacGameSwiftUIMVVMFirebaseTests;
			productName = TicTacGameSwiftUIMVVMFirebaseTests;
			productReference = 193CB3C62A6EEAE60049B6F0 /* TicTacGameSwiftUIMVVMFirebaseTests.xctest */;
			productType = "com.apple.product-type.bundle.unit-test";
		};
		193CB3CF2A6EEAE60049B6F0 /* TicTacGameSwiftUIMVVMFirebaseUITests */ = {
			isa = PBXNativeTarget;
			buildConfigurationList = 193CB3E02A6EEAE60049B6F0 /* Build configuration list for PBXNativeTarget "TicTacGameSwiftUIMVVMFirebaseUITests" */;
			buildPhases = (
				193CB3CC2A6EEAE60049B6F0 /* Sources */,
				193CB3CD2A6EEAE60049B6F0 /* Frameworks */,
				193CB3CE2A6EEAE60049B6F0 /* Resources */,
			);
			buildRules = (
			);
			dependencies = (
				193CB3D22A6EEAE60049B6F0 /* PBXTargetDependency */,
			);
			name = TicTacGameSwiftUIMVVMFirebaseUITests;
			productName = TicTacGameSwiftUIMVVMFirebaseUITests;
			productReference = 193CB3D02A6EEAE60049B6F0 /* TicTacGameSwiftUIMVVMFirebaseUITests.xctest */;
			productType = "com.apple.product-type.bundle.ui-testing";
		};
/* End PBXNativeTarget section */

/* Begin PBXProject section */
		193CB3AD2A6EEAE50049B6F0 /* Project object */ = {
			isa = PBXProject;
			attributes = {
				BuildIndependentTargetsInParallel = 1;
				LastSwiftUpdateCheck = 1430;
				LastUpgradeCheck = 1430;
				TargetAttributes = {
					193CB3B42A6EEAE50049B6F0 = {
						CreatedOnToolsVersion = 14.3.1;
					};
					193CB3C52A6EEAE60049B6F0 = {
						CreatedOnToolsVersion = 14.3.1;
						TestTargetID = 193CB3B42A6EEAE50049B6F0;
					};
					193CB3CF2A6EEAE60049B6F0 = {
						CreatedOnToolsVersion = 14.3.1;
						TestTargetID = 193CB3B42A6EEAE50049B6F0;
					};
				};
			};
			buildConfigurationList = 193CB3B02A6EEAE50049B6F0 /* Build configuration list for PBXProject "TicTacGameSwiftUIMVVMFirebase" */;
			compatibilityVersion = "Xcode 14.0";
			developmentRegion = en;
			hasScannedForEncodings = 0;
			knownRegions = (
				en,
				Base,
			);
			mainGroup = 193CB3AC2A6EEAE50049B6F0;
			productRefGroup = 193CB3B62A6EEAE50049B6F0 /* Products */;
			projectDirPath = "";
			projectRoot = "";
			targets = (
				193CB3B42A6EEAE50049B6F0 /* TicTacGameSwiftUIMVVMFirebase */,
				193CB3C52A6EEAE60049B6F0 /* TicTacGameSwiftUIMVVMFirebaseTests */,
				193CB3CF2A6EEAE60049B6F0 /* TicTacGameSwiftUIMVVMFirebaseUITests */,
			);
		};
/* End PBXProject section */

/* Begin PBXResourcesBuildPhase section */
		193CB3B32A6EEAE50049B6F0 /* Resources */ = {
			isa = PBXResourcesBuildPhase;
			buildActionMask = 2147483647;
			files = (
				193CB3C12A6EEAE60049B6F0 /* Preview Assets.xcassets in Resources */,
				193CB3BD2A6EEAE60049B6F0 /* Assets.xcassets in Resources */,
			);
			runOnlyForDeploymentPostprocessing = 0;
		};
		193CB3C42A6EEAE60049B6F0 /* Resources */ = {
			isa = PBXResourcesBuildPhase;
			buildActionMask = 2147483647;
			files = (
			);
			runOnlyForDeploymentPostprocessing = 0;
		};
		193CB3CE2A6EEAE60049B6F0 /* Resources */ = {
			isa = PBXResourcesBuildPhase;
			buildActionMask = 2147483647;
			files = (
			);
			runOnlyForDeploymentPostprocessing = 0;
		};
/* End PBXResourcesBuildPhase section */

/* Begin PBXSourcesBuildPhase section */
		193CB3B12A6EEAE50049B6F0 /* Sources */ = {
			isa = PBXSourcesBuildPhase;
			buildActionMask = 2147483647;
			files = (
				193CB3BB2A6EEAE50049B6F0 /* HomeView.swift in Sources */,
				193CB3B92A6EEAE50049B6F0 /* TicTacGameSwiftUIMVVMFirebaseApp.swift in Sources */,
				19200DBF2A6EEF450030C7AB /* AppStrings.swift in Sources */,
				19200DBD2A6EEECD0030C7AB /* GameMode.swift in Sources */,
				19200DC52A71C27E0030C7AB /* GameView.swift in Sources */,
				19200DC32A71BFCE0030C7AB /* AppButtonStyle.swift in Sources */,
			);
			runOnlyForDeploymentPostprocessing = 0;
		};
		193CB3C22A6EEAE60049B6F0 /* Sources */ = {
			isa = PBXSourcesBuildPhase;
			buildActionMask = 2147483647;
			files = (
				193CB3CB2A6EEAE60049B6F0 /* TicTacGameSwiftUIMVVMFirebaseTests.swift in Sources */,
			);
			runOnlyForDeploymentPostprocessing = 0;
		};
		193CB3CC2A6EEAE60049B6F0 /* Sources */ = {
			isa = PBXSourcesBuildPhase;
			buildActionMask = 2147483647;
			files = (
				193CB3D52A6EEAE60049B6F0 /* TicTacGameSwiftUIMVVMFirebaseUITests.swift in Sources */,
				193CB3D72A6EEAE60049B6F0 /* TicTacGameSwiftUIMVVMFirebaseUITestsLaunchTests.swift in Sources */,
			);
			runOnlyForDeploymentPostprocessing = 0;
		};
/* End PBXSourcesBuildPhase section */

/* Begin PBXTargetDependency section */
		193CB3C82A6EEAE60049B6F0 /* PBXTargetDependency */ = {
			isa = PBXTargetDependency;
			target = 193CB3B42A6EEAE50049B6F0 /* TicTacGameSwiftUIMVVMFirebase */;
			targetProxy = 193CB3C72A6EEAE60049B6F0 /* PBXContainerItemProxy */;
		};
		193CB3D22A6EEAE60049B6F0 /* PBXTargetDependency */ = {
			isa = PBXTargetDependency;
			target = 193CB3B42A6EEAE50049B6F0 /* TicTacGameSwiftUIMVVMFirebase */;
			targetProxy = 193CB3D12A6EEAE60049B6F0 /* PBXContainerItemProxy */;
		};
/* End PBXTargetDependency section */

/* Begin XCBuildConfiguration section */
		193CB3D82A6EEAE60049B6F0 /* Debug */ = {
			isa = XCBuildConfiguration;
			buildSettings = {
				ALWAYS_SEARCH_USER_PATHS = NO;
				CLANG_ANALYZER_NONNULL = YES;
				CLANG_ANALYZER_NUMBER_OBJECT_CONVERSION = YES_AGGRESSIVE;
				CLANG_CXX_LANGUAGE_STANDARD = "gnu++20";
				CLANG_ENABLE_MODULES = YES;
				CLANG_ENABLE_OBJC_ARC = YES;
				CLANG_ENABLE_OBJC_WEAK = YES;
				CLANG_WARN_BLOCK_CAPTURE_AUTORELEASING = YES;
				CLANG_WARN_BOOL_CONVERSION = YES;
				CLANG_WARN_COMMA = YES;
				CLANG_WARN_CONSTANT_CONVERSION = YES;
				CLANG_WARN_DEPRECATED_OBJC_IMPLEMENTATIONS = YES;
				CLANG_WARN_DIRECT_OBJC_ISA_USAGE = YES_ERROR;
				CLANG_WARN_DOCUMENTATION_COMMENTS = YES;
				CLANG_WARN_EMPTY_BODY = YES;
				CLANG_WARN_ENUM_CONVERSION = YES;
				CLANG_WARN_INFINITE_RECURSION = YES;
				CLANG_WARN_INT_CONVERSION = YES;
				CLANG_WARN_NON_LITERAL_NULL_CONVERSION = YES;
				CLANG_WARN_OBJC_IMPLICIT_RETAIN_SELF = YES;
				CLANG_WARN_OBJC_LITERAL_CONVERSION = YES;
				CLANG_WARN_OBJC_ROOT_CLASS = YES_ERROR;
				CLANG_WARN_QUOTED_INCLUDE_IN_FRAMEWORK_HEADER = YES;
				CLANG_WARN_RANGE_LOOP_ANALYSIS = YES;
				CLANG_WARN_STRICT_PROTOTYPES = YES;
				CLANG_WARN_SUSPICIOUS_MOVE = YES;
				CLANG_WARN_UNGUARDED_AVAILABILITY = YES_AGGRESSIVE;
				CLANG_WARN_UNREACHABLE_CODE = YES;
				CLANG_WARN__DUPLICATE_METHOD_MATCH = YES;
				COPY_PHASE_STRIP = NO;
				DEBUG_INFORMATION_FORMAT = dwarf;
				ENABLE_STRICT_OBJC_MSGSEND = YES;
				ENABLE_TESTABILITY = YES;
				GCC_C_LANGUAGE_STANDARD = gnu11;
				GCC_DYNAMIC_NO_PIC = NO;
				GCC_NO_COMMON_BLOCKS = YES;
				GCC_OPTIMIZATION_LEVEL = 0;
				GCC_PREPROCESSOR_DEFINITIONS = (
					"DEBUG=1",
					"$(inherited)",
				);
				GCC_WARN_64_TO_32_BIT_CONVERSION = YES;
				GCC_WARN_ABOUT_RETURN_TYPE = YES_ERROR;
				GCC_WARN_UNDECLARED_SELECTOR = YES;
				GCC_WARN_UNINITIALIZED_AUTOS = YES_AGGRESSIVE;
				GCC_WARN_UNUSED_FUNCTION = YES;
				GCC_WARN_UNUSED_VARIABLE = YES;
				MTL_ENABLE_DEBUG_INFO = INCLUDE_SOURCE;
				MTL_FAST_MATH = YES;
				ONLY_ACTIVE_ARCH = YES;
				SWIFT_ACTIVE_COMPILATION_CONDITIONS = DEBUG;
				SWIFT_OPTIMIZATION_LEVEL = "-Onone";
			};
			name = Debug;
		};
		193CB3D92A6EEAE60049B6F0 /* Release */ = {
			isa = XCBuildConfiguration;
			buildSettings = {
				ALWAYS_SEARCH_USER_PATHS = NO;
				CLANG_ANALYZER_NONNULL = YES;
				CLANG_ANALYZER_NUMBER_OBJECT_CONVERSION = YES_AGGRESSIVE;
				CLANG_CXX_LANGUAGE_STANDARD = "gnu++20";
				CLANG_ENABLE_MODULES = YES;
				CLANG_ENABLE_OBJC_ARC = YES;
				CLANG_ENABLE_OBJC_WEAK = YES;
				CLANG_WARN_BLOCK_CAPTURE_AUTORELEASING = YES;
				CLANG_WARN_BOOL_CONVERSION = YES;
				CLANG_WARN_COMMA = YES;
				CLANG_WARN_CONSTANT_CONVERSION = YES;
				CLANG_WARN_DEPRECATED_OBJC_IMPLEMENTATIONS = YES;
				CLANG_WARN_DIRECT_OBJC_ISA_USAGE = YES_ERROR;
				CLANG_WARN_DOCUMENTATION_COMMENTS = YES;
				CLANG_WARN_EMPTY_BODY = YES;
				CLANG_WARN_ENUM_CONVERSION = YES;
				CLANG_WARN_INFINITE_RECURSION = YES;
				CLANG_WARN_INT_CONVERSION = YES;
				CLANG_WARN_NON_LITERAL_NULL_CONVERSION = YES;
				CLANG_WARN_OBJC_IMPLICIT_RETAIN_SELF = YES;
				CLANG_WARN_OBJC_LITERAL_CONVERSION = YES;
				CLANG_WARN_OBJC_ROOT_CLASS = YES_ERROR;
				CLANG_WARN_QUOTED_INCLUDE_IN_FRAMEWORK_HEADER = YES;
				CLANG_WARN_RANGE_LOOP_ANALYSIS = YES;
				CLANG_WARN_STRICT_PROTOTYPES = YES;
				CLANG_WARN_SUSPICIOUS_MOVE = YES;
				CLANG_WARN_UNGUARDED_AVAILABILITY = YES_AGGRESSIVE;
				CLANG_WARN_UNREACHABLE_CODE = YES;
				CLANG_WARN__DUPLICATE_METHOD_MATCH = YES;
				COPY_PHASE_STRIP = NO;
				DEBUG_INFORMATION_FORMAT = "dwarf-with-dsym";
				ENABLE_NS_ASSERTIONS = NO;
				ENABLE_STRICT_OBJC_MSGSEND = YES;
				GCC_C_LANGUAGE_STANDARD = gnu11;
				GCC_NO_COMMON_BLOCKS = YES;
				GCC_WARN_64_TO_32_BIT_CONVERSION = YES;
				GCC_WARN_ABOUT_RETURN_TYPE = YES_ERROR;
				GCC_WARN_UNDECLARED_SELECTOR = YES;
				GCC_WARN_UNINITIALIZED_AUTOS = YES_AGGRESSIVE;
				GCC_WARN_UNUSED_FUNCTION = YES;
				GCC_WARN_UNUSED_VARIABLE = YES;
				MTL_ENABLE_DEBUG_INFO = NO;
				MTL_FAST_MATH = YES;
				SWIFT_COMPILATION_MODE = wholemodule;
				SWIFT_OPTIMIZATION_LEVEL = "-O";
			};
			name = Release;
		};
		193CB3DB2A6EEAE60049B6F0 /* Debug */ = {
			isa = XCBuildConfiguration;
			buildSettings = {
				ASSETCATALOG_COMPILER_APPICON_NAME = AppIcon;
				ASSETCATALOG_COMPILER_GLOBAL_ACCENT_COLOR_NAME = AccentColor;
				CODE_SIGN_ENTITLEMENTS = TicTacGameSwiftUIMVVMFirebase/TicTacGameSwiftUIMVVMFirebase.entitlements;
				CODE_SIGN_STYLE = Automatic;
				CURRENT_PROJECT_VERSION = 1;
				DEVELOPMENT_ASSET_PATHS = "\"TicTacGameSwiftUIMVVMFirebase/Preview Content\"";
				DEVELOPMENT_TEAM = 336TZN64PG;
				ENABLE_HARDENED_RUNTIME = YES;
				ENABLE_PREVIEWS = YES;
				GENERATE_INFOPLIST_FILE = YES;
				"INFOPLIST_KEY_UIApplicationSceneManifest_Generation[sdk=iphoneos*]" = YES;
				"INFOPLIST_KEY_UIApplicationSceneManifest_Generation[sdk=iphonesimulator*]" = YES;
				"INFOPLIST_KEY_UIApplicationSupportsIndirectInputEvents[sdk=iphoneos*]" = YES;
				"INFOPLIST_KEY_UIApplicationSupportsIndirectInputEvents[sdk=iphonesimulator*]" = YES;
				"INFOPLIST_KEY_UILaunchScreen_Generation[sdk=iphoneos*]" = YES;
				"INFOPLIST_KEY_UILaunchScreen_Generation[sdk=iphonesimulator*]" = YES;
				INFOPLIST_KEY_UIRequiresFullScreen = YES;
				"INFOPLIST_KEY_UIStatusBarStyle[sdk=iphoneos*]" = UIStatusBarStyleDefault;
				"INFOPLIST_KEY_UIStatusBarStyle[sdk=iphonesimulator*]" = UIStatusBarStyleDefault;
				INFOPLIST_KEY_UISupportedInterfaceOrientations = UIInterfaceOrientationPortrait;
				INFOPLIST_KEY_UISupportedInterfaceOrientations_iPad = "UIInterfaceOrientationPortrait UIInterfaceOrientationPortraitUpsideDown";
				IPHONEOS_DEPLOYMENT_TARGET = 16.4;
				LD_RUNPATH_SEARCH_PATHS = "@executable_path/Frameworks";
				"LD_RUNPATH_SEARCH_PATHS[sdk=macosx*]" = "@executable_path/../Frameworks";
				MACOSX_DEPLOYMENT_TARGET = 13.3;
				MARKETING_VERSION = 1.0;
				PRODUCT_BUNDLE_IDENTIFIER = com.streamliner.TicTacGameSwiftUIMVVMFirebase;
				PRODUCT_NAME = "$(TARGET_NAME)";
				SDKROOT = auto;
				SUPPORTED_PLATFORMS = "iphoneos iphonesimulator macosx";
				SWIFT_EMIT_LOC_STRINGS = YES;
				SWIFT_VERSION = 5.0;
				TARGETED_DEVICE_FAMILY = "1,2";
			};
			name = Debug;
		};
		193CB3DC2A6EEAE60049B6F0 /* Release */ = {
			isa = XCBuildConfiguration;
			buildSettings = {
				ASSETCATALOG_COMPILER_APPICON_NAME = AppIcon;
				ASSETCATALOG_COMPILER_GLOBAL_ACCENT_COLOR_NAME = AccentColor;
				CODE_SIGN_ENTITLEMENTS = TicTacGameSwiftUIMVVMFirebase/TicTacGameSwiftUIMVVMFirebase.entitlements;
				CODE_SIGN_STYLE = Automatic;
				CURRENT_PROJECT_VERSION = 1;
				DEVELOPMENT_ASSET_PATHS = "\"TicTacGameSwiftUIMVVMFirebase/Preview Content\"";
				DEVELOPMENT_TEAM = 336TZN64PG;
				ENABLE_HARDENED_RUNTIME = YES;
				ENABLE_PREVIEWS = YES;
				GENERATE_INFOPLIST_FILE = YES;
				"INFOPLIST_KEY_UIApplicationSceneManifest_Generation[sdk=iphoneos*]" = YES;
				"INFOPLIST_KEY_UIApplicationSceneManifest_Generation[sdk=iphonesimulator*]" = YES;
				"INFOPLIST_KEY_UIApplicationSupportsIndirectInputEvents[sdk=iphoneos*]" = YES;
				"INFOPLIST_KEY_UIApplicationSupportsIndirectInputEvents[sdk=iphonesimulator*]" = YES;
				"INFOPLIST_KEY_UILaunchScreen_Generation[sdk=iphoneos*]" = YES;
				"INFOPLIST_KEY_UILaunchScreen_Generation[sdk=iphonesimulator*]" = YES;
				INFOPLIST_KEY_UIRequiresFullScreen = YES;
				"INFOPLIST_KEY_UIStatusBarStyle[sdk=iphoneos*]" = UIStatusBarStyleDefault;
				"INFOPLIST_KEY_UIStatusBarStyle[sdk=iphonesimulator*]" = UIStatusBarStyleDefault;
				INFOPLIST_KEY_UISupportedInterfaceOrientations = UIInterfaceOrientationPortrait;
				INFOPLIST_KEY_UISupportedInterfaceOrientations_iPad = "UIInterfaceOrientationPortrait UIInterfaceOrientationPortraitUpsideDown";
				IPHONEOS_DEPLOYMENT_TARGET = 16.4;
				LD_RUNPATH_SEARCH_PATHS = "@executable_path/Frameworks";
				"LD_RUNPATH_SEARCH_PATHS[sdk=macosx*]" = "@executable_path/../Frameworks";
				MACOSX_DEPLOYMENT_TARGET = 13.3;
				MARKETING_VERSION = 1.0;
				PRODUCT_BUNDLE_IDENTIFIER = com.streamliner.TicTacGameSwiftUIMVVMFirebase;
				PRODUCT_NAME = "$(TARGET_NAME)";
				SDKROOT = auto;
				SUPPORTED_PLATFORMS = "iphoneos iphonesimulator macosx";
				SWIFT_EMIT_LOC_STRINGS = YES;
				SWIFT_VERSION = 5.0;
				TARGETED_DEVICE_FAMILY = "1,2";
			};
			name = Release;
		};
		193CB3DE2A6EEAE60049B6F0 /* Debug */ = {
			isa = XCBuildConfiguration;
			buildSettings = {
				ALWAYS_EMBED_SWIFT_STANDARD_LIBRARIES = YES;
				BUNDLE_LOADER = "$(TEST_HOST)";
				CODE_SIGN_STYLE = Automatic;
				CURRENT_PROJECT_VERSION = 1;
				DEVELOPMENT_TEAM = 336TZN64PG;
				GENERATE_INFOPLIST_FILE = YES;
				IPHONEOS_DEPLOYMENT_TARGET = 16.4;
				MACOSX_DEPLOYMENT_TARGET = 13.3;
				MARKETING_VERSION = 1.0;
				PRODUCT_BUNDLE_IDENTIFIER = com.streamliner.TicTacGameSwiftUIMVVMFirebaseTests;
				PRODUCT_NAME = "$(TARGET_NAME)";
				SDKROOT = auto;
				SUPPORTED_PLATFORMS = "iphoneos iphonesimulator macosx";
				SWIFT_EMIT_LOC_STRINGS = NO;
				SWIFT_VERSION = 5.0;
				TARGETED_DEVICE_FAMILY = "1,2";
				TEST_HOST = "$(BUILT_PRODUCTS_DIR)/TicTacGameSwiftUIMVVMFirebase.app/$(BUNDLE_EXECUTABLE_FOLDER_PATH)/TicTacGameSwiftUIMVVMFirebase";
			};
			name = Debug;
		};
		193CB3DF2A6EEAE60049B6F0 /* Release */ = {
			isa = XCBuildConfiguration;
			buildSettings = {
				ALWAYS_EMBED_SWIFT_STANDARD_LIBRARIES = YES;
				BUNDLE_LOADER = "$(TEST_HOST)";
				CODE_SIGN_STYLE = Automatic;
				CURRENT_PROJECT_VERSION = 1;
				DEVELOPMENT_TEAM = 336TZN64PG;
				GENERATE_INFOPLIST_FILE = YES;
				IPHONEOS_DEPLOYMENT_TARGET = 16.4;
				MACOSX_DEPLOYMENT_TARGET = 13.3;
				MARKETING_VERSION = 1.0;
				PRODUCT_BUNDLE_IDENTIFIER = com.streamliner.TicTacGameSwiftUIMVVMFirebaseTests;
				PRODUCT_NAME = "$(TARGET_NAME)";
				SDKROOT = auto;
				SUPPORTED_PLATFORMS = "iphoneos iphonesimulator macosx";
				SWIFT_EMIT_LOC_STRINGS = NO;
				SWIFT_VERSION = 5.0;
				TARGETED_DEVICE_FAMILY = "1,2";
				TEST_HOST = "$(BUILT_PRODUCTS_DIR)/TicTacGameSwiftUIMVVMFirebase.app/$(BUNDLE_EXECUTABLE_FOLDER_PATH)/TicTacGameSwiftUIMVVMFirebase";
			};
			name = Release;
		};
		193CB3E12A6EEAE60049B6F0 /* Debug */ = {
			isa = XCBuildConfiguration;
			buildSettings = {
				ALWAYS_EMBED_SWIFT_STANDARD_LIBRARIES = YES;
				CODE_SIGN_STYLE = Automatic;
				CURRENT_PROJECT_VERSION = 1;
				DEVELOPMENT_TEAM = 336TZN64PG;
				GENERATE_INFOPLIST_FILE = YES;
				IPHONEOS_DEPLOYMENT_TARGET = 16.4;
				MACOSX_DEPLOYMENT_TARGET = 13.3;
				MARKETING_VERSION = 1.0;
				PRODUCT_BUNDLE_IDENTIFIER = com.streamliner.TicTacGameSwiftUIMVVMFirebaseUITests;
				PRODUCT_NAME = "$(TARGET_NAME)";
				SDKROOT = auto;
				SUPPORTED_PLATFORMS = "iphoneos iphonesimulator macosx";
				SWIFT_EMIT_LOC_STRINGS = NO;
				SWIFT_VERSION = 5.0;
				TARGETED_DEVICE_FAMILY = "1,2";
				TEST_TARGET_NAME = TicTacGameSwiftUIMVVMFirebase;
			};
			name = Debug;
		};
		193CB3E22A6EEAE60049B6F0 /* Release */ = {
			isa = XCBuildConfiguration;
			buildSettings = {
				ALWAYS_EMBED_SWIFT_STANDARD_LIBRARIES = YES;
				CODE_SIGN_STYLE = Automatic;
				CURRENT_PROJECT_VERSION = 1;
				DEVELOPMENT_TEAM = 336TZN64PG;
				GENERATE_INFOPLIST_FILE = YES;
				IPHONEOS_DEPLOYMENT_TARGET = 16.4;
				MACOSX_DEPLOYMENT_TARGET = 13.3;
				MARKETING_VERSION = 1.0;
				PRODUCT_BUNDLE_IDENTIFIER = com.streamliner.TicTacGameSwiftUIMVVMFirebaseUITests;
				PRODUCT_NAME = "$(TARGET_NAME)";
				SDKROOT = auto;
				SUPPORTED_PLATFORMS = "iphoneos iphonesimulator macosx";
				SWIFT_EMIT_LOC_STRINGS = NO;
				SWIFT_VERSION = 5.0;
				TARGETED_DEVICE_FAMILY = "1,2";
				TEST_TARGET_NAME = TicTacGameSwiftUIMVVMFirebase;
			};
			name = Release;
		};
/* End XCBuildConfiguration section */

/* Begin XCConfigurationList section */
		193CB3B02A6EEAE50049B6F0 /* Build configuration list for PBXProject "TicTacGameSwiftUIMVVMFirebase" */ = {
			isa = XCConfigurationList;
			buildConfigurations = (
				193CB3D82A6EEAE60049B6F0 /* Debug */,
				193CB3D92A6EEAE60049B6F0 /* Release */,
			);
			defaultConfigurationIsVisible = 0;
			defaultConfigurationName = Release;
		};
		193CB3DA2A6EEAE60049B6F0 /* Build configuration list for PBXNativeTarget "TicTacGameSwiftUIMVVMFirebase" */ = {
			isa = XCConfigurationList;
			buildConfigurations = (
				193CB3DB2A6EEAE60049B6F0 /* Debug */,
				193CB3DC2A6EEAE60049B6F0 /* Release */,
			);
			defaultConfigurationIsVisible = 0;
			defaultConfigurationName = Release;
		};
		193CB3DD2A6EEAE60049B6F0 /* Build configuration list for PBXNativeTarget "TicTacGameSwiftUIMVVMFirebaseTests" */ = {
			isa = XCConfigurationList;
			buildConfigurations = (
				193CB3DE2A6EEAE60049B6F0 /* Debug */,
				193CB3DF2A6EEAE60049B6F0 /* Release */,
			);
			defaultConfigurationIsVisible = 0;
			defaultConfigurationName = Release;
		};
		193CB3E02A6EEAE60049B6F0 /* Build configuration list for PBXNativeTarget "TicTacGameSwiftUIMVVMFirebaseUITests" */ = {
			isa = XCConfigurationList;
			buildConfigurations = (
				193CB3E12A6EEAE60049B6F0 /* Debug */,
				193CB3E22A6EEAE60049B6F0 /* Release */,
			);
			defaultConfigurationIsVisible = 0;
			defaultConfigurationName = Release;
		};
/* End XCConfigurationList section */
	};
	rootObject = 193CB3AD2A6EEAE50049B6F0 /* Project object */;
}
